
Microsoft Visual Studio Solution File, Format Version 12.00
# Visual Studio Version 17
VisualStudioVersion = 17.9.34723.18
MinimumVisualStudioVersion = 10.0.40219.1
Project("{FAE04EC0-301F-11D3-BF4B-00C04F79EFBC}") = "PrintmApp", "PrintmApp\PrintmApp.csproj", "{D11DF1A6-03E6-4292-B8C1-437706C98C4D}"
EndProject
Global
	GlobalSection(SolutionConfigurationPlatforms) = preSolution
		Debug|Any CPU = Debug|Any CPU
		Release|Any CPU = Release|Any CPU
	EndGlobalSection
	GlobalSection(ProjectConfigurationPlatforms) = postSolution
		{D11DF1A6-03E6-4292-B8C1-437706C98C4D}.Debug|Any CPU.ActiveCfg = Debug|Any CPU
		{D11DF1A6-03E6-4292-B8C1-437706C98C4D}.Debug|Any CPU.Build.0 = Debug|Any CPU
		{D11DF1A6-03E6-4292-B8C1-437706C98C4D}.Release|Any CPU.ActiveCfg = Release|Any CPU
		{D11DF1A6-03E6-4292-B8C1-437706C98C4D}.Release|Any CPU.Build.0 = Release|Any CPU
	EndGlobalSection
	GlobalSection(SolutionProperties) = preSolution
		HideSolutionNode = FALSE
	EndGlobalSection
	GlobalSection(ExtensibilityGlobals) = postSolution
		SolutionGuid = {B4F55771-6D2B-4C8C-974F-5160B4ACD41F}
	EndGlobalSection
EndGlobal
